
Microsoft Visual Studio Solution File, Format Version 12.00
# Visual Studio Version 16
VisualStudioVersion = 16.0.29519.87
MinimumVisualStudioVersion = 10.0.40219.1
Project("{888888A0-9F3D-457C-B088-3A5042F75D52}") = "EndSemML", "EndSemML.pyproj", "{226280C2-05D4-462E-9112-9A67A65E7502}"
EndProject
Global
	GlobalSection(SolutionConfigurationPlatforms) = preSolution
		Debug|Any CPU = Debug|Any CPU
		Release|Any CPU = Release|Any CPU
	EndGlobalSection
	GlobalSection(ProjectConfigurationPlatforms) = postSolution
		{226280C2-05D4-462E-9112-9A67A65E7502}.Debug|Any CPU.ActiveCfg = Debug|Any CPU
		{226280C2-05D4-462E-9112-9A67A65E7502}.Release|Any CPU.ActiveCfg = Release|Any CPU
	EndGlobalSection
	GlobalSection(SolutionProperties) = preSolution
		HideSolutionNode = FALSE
	EndGlobalSection
	GlobalSection(ExtensibilityGlobals) = postSolution
		SolutionGuid = {CCC8EE85-CDA2-4242-9AC9-F7754A392526}
	EndGlobalSection
EndGlobal
